
Microsoft Visual Studio Solution File, Format Version 12.00
# Visual Studio 2013
Project("{FAE04EC0-301F-11D3-BF4B-00C04F79EFBC}") = "UnityVS.MarioUnity3D.CSharp", "UnityVS.MarioUnity3D.CSharp.csproj", "{8A782BE1-AD58-4807-7410-59E4B1350AD9}"
EndProject
Project("{FAE04EC0-301F-11D3-BF4B-00C04F79EFBC}") = "UnityVS.MarioUnity3D.CSharp.Editor", "UnityVS.MarioUnity3D.CSharp.Editor.csproj", "{CF91397E-1F53-45DE-9D8A-3D871093D0E5}"
EndProject
Global
	GlobalSection(SolutionConfigurationPlatforms) = preSolution
		Debug|Any CPU = Debug|Any CPU
		Release|Any CPU = Release|Any CPU
	EndGlobalSection
	GlobalSection(ProjectConfigurationPlatforms) = postSolution
		{8A782BE1-AD58-4807-7410-59E4B1350AD9}.Debug|Any CPU.ActiveCfg = Debug|Any CPU
		{8A782BE1-AD58-4807-7410-59E4B1350AD9}.Debug|Any CPU.Build.0 = Debug|Any CPU
		{8A782BE1-AD58-4807-7410-59E4B1350AD9}.Release|Any CPU.ActiveCfg = Release|Any CPU
		{8A782BE1-AD58-4807-7410-59E4B1350AD9}.Release|Any CPU.Build.0 = Release|Any CPU
		{CF91397E-1F53-45DE-9D8A-3D871093D0E5}.Debug|Any CPU.ActiveCfg = Debug|Any CPU
		{CF91397E-1F53-45DE-9D8A-3D871093D0E5}.Debug|Any CPU.Build.0 = Debug|Any CPU
		{CF91397E-1F53-45DE-9D8A-3D871093D0E5}.Release|Any CPU.ActiveCfg = Release|Any CPU
		{CF91397E-1F53-45DE-9D8A-3D871093D0E5}.Release|Any CPU.Build.0 = Release|Any CPU
	EndGlobalSection
	GlobalSection(SolutionProperties) = preSolution
		HideSolutionNode = FALSE
	EndGlobalSection
EndGlobal
